// !$*UTF8*$!
{
	archiveVersion = 1;
	classes = {
	};
	objectVersion = 46;
	objects = {

/* Begin PBXBuildFile section */
		034CDED914FFE3C100193D04 /* Cocoa.framework in Frameworks */ = {isa = PBXBuildFile; fileRef = 034CDED814FFE3C100193D04 /* Cocoa.framework */; };
		034CDEE314FFE3C100193D04 /* InfoPlist.strings in Resources */ = {isa = PBXBuildFile; fileRef = 034CDEE114FFE3C100193D04 /* InfoPlist.strings */; };
/* End PBXBuildFile section */

/* Begin PBXFileReference section */
		034CDED514FFE3C100193D04 /* ReactionFadeToggle.bundle */ = {isa = PBXFileReference; explicitFileType = wrapper.cfbundle; includeInIndex = 0; path = ReactionFadeToggle.bundle; sourceTree = BUILT_PRODUCTS_DIR; };
		034CDED814FFE3C100193D04 /* Cocoa.framework */ = {isa = PBXFileReference; lastKnownFileType = wrapper.framework; name = Cocoa.framework; path = System/Library/Frameworks/Cocoa.framework; sourceTree = SDKROOT; };
		034CDEDB14FFE3C100193D04 /* AppKit.framework */ = {isa = PBXFileReference; lastKnownFileType = wrapper.framework; name = AppKit.framework; path = System/Library/Frameworks/AppKit.framework; sourceTree = SDKROOT; };
		034CDEDC14FFE3C100193D04 /* CoreData.framework */ = {isa = PBXFileReference; lastKnownFileType = wrapper.framework; name = CoreData.framework; path = System/Library/Frameworks/CoreData.framework; sourceTree = SDKROOT; };
		034CDEDD14FFE3C100193D04 /* Foundation.framework */ = {isa = PBXFileReference; lastKnownFileType = wrapper.framework; name = Foundation.framework; path = System/Library/Frameworks/Foundation.framework; sourceTree = SDKROOT; };
		034CDEE014FFE3C100193D04 /* ReactionFadeToggle-Info.plist */ = {isa = PBXFileReference; path = "ReactionFadeToggle-Info.plist"; sourceTree = "<group>"; };
		034CDEE214FFE3C100193D04 /* en */ = {isa = PBXFileReference; lastKnownFileType = text.plist.strings; name = en; path = en.lproj/InfoPlist.strings; sourceTree = "<group>"; };
		034CDEE414FFE3C100193D04 /* ReactionFadeToggle-Prefix.pch */ = {isa = PBXFileReference; path = "ReactionFadeToggle-Prefix.pch"; sourceTree = "<group>"; };
/* End PBXFileReference section */

/* Begin PBXFrameworksBuildPhase section */
		034CDED214FFE3C100193D04 /* Frameworks */ = {
			isa = PBXFrameworksBuildPhase;
			buildActionMask = 2147483647;
			files = (
				034CDED914FFE3C100193D04 /* Cocoa.framework in Frameworks */,
			);
			runOnlyForDeploymentPostprocessing = 0;
		};
/* End PBXFrameworksBuildPhase section */

/* Begin PBXGroup section */
		034CDECA14FFE3C100193D04 = {
			isa = PBXGroup;
			children = (
				034CDEDE14FFE3C100193D04 /* ReactionFadeToggle */,
				034CDED714FFE3C100193D04 /* Frameworks */,
				034CDED614FFE3C100193D04 /* Products */,
			);
			sourceTree = "<group>";
		};
		034CDED614FFE3C100193D04 /* Products */ = {
			isa = PBXGroup;
			children = (
				034CDED514FFE3C100193D04 /* ReactionFadeToggle.bundle */,
			);
			name = Products;
			sourceTree = "<group>";
		};
		034CDED714FFE3C100193D04 /* Frameworks */ = {
			isa = PBXGroup;
			children = (
				034CDED814FFE3C100193D04 /* Cocoa.framework */,
				034CDEDA14FFE3C100193D04 /* Other Frameworks */,
			);
			name = Frameworks;
			sourceTree = "<group>";
		};
		034CDEDA14FFE3C100193D04 /* Other Frameworks */ = {
			isa = PBXGroup;
			children = (
				034CDEDB14FFE3C100193D04 /* AppKit.framework */,
				034CDEDC14FFE3C100193D04 /* CoreData.framework */,
				034CDEDD14FFE3C100193D04 /* Foundation.framework */,
			);
			name = "Other Frameworks";
			sourceTree = "<group>";
		};
		034CDEDE14FFE3C100193D04 /* ReactionFadeToggle */ = {
			isa = PBXGroup;
			children = (
				034CDEDF14FFE3C100193D04 /* Supporting Files */,
			);
			path = ReactionFadeToggle;
			sourceTree = "<group>";
		};
		034CDEDF14FFE3C100193D04 /* Supporting Files */ = {
			isa = PBXGroup;
			children = (
				034CDEE014FFE3C100193D04 /* ReactionFadeToggle-Info.plist */,
				034CDEE114FFE3C100193D04 /* InfoPlist.strings */,
				034CDEE414FFE3C100193D04 /* ReactionFadeToggle-Prefix.pch */,
			);
			name = "Supporting Files";
			sourceTree = "<group>";
		};
/* End PBXGroup section */

/* Begin PBXNativeTarget section */
		034CDED414FFE3C100193D04 /* ReactionFadeToggle */ = {
			isa = PBXNativeTarget;
			buildConfigurationList = 034CDEE714FFE3C100193D04 /* Build configuration list for PBXNativeTarget "ReactionFadeToggle" */;
			buildPhases = (
				034CDED114FFE3C100193D04 /* Sources */,
				034CDED214FFE3C100193D04 /* Frameworks */,
				034CDED314FFE3C100193D04 /* Resources */,
			);
			buildRules = (
			);
			dependencies = (
			);
			name = ReactionFadeToggle;
			productName = ReactionFadeToggle;
			productReference = 034CDED514FFE3C100193D04 /* ReactionFadeToggle.bundle */;
			productType = "com.apple.product-type.bundle";
		};
/* End PBXNativeTarget section */

/* Begin PBXProject section */
		034CDECC14FFE3C100193D04 /* Project object */ = {
			isa = PBXProject;
			attributes = {
				LastUpgradeCheck = 0430;
				ORGANIZATIONNAME = "Roaring Sky";
			};
			buildConfigurationList = 034CDECF14FFE3C100193D04 /* Build configuration list for PBXProject "ReactionFadeToggle" */;
			compatibilityVersion = "Xcode 3.2";
			developmentRegion = English;
			hasScannedForEncodings = 0;
			knownRegions = (
				en,
			);
			mainGroup = 034CDECA14FFE3C100193D04;
			productRefGroup = 034CDED614FFE3C100193D04 /* Products */;
			projectDirPath = "";
			projectRoot = "";
			targets = (
				034CDED414FFE3C100193D04 /* ReactionFadeToggle */,
			);
		};
/* End PBXProject section */

/* Begin PBXResourcesBuildPhase section */
		034CDED314FFE3C100193D04 /* Resources */ = {
			isa = PBXResourcesBuildPhase;
			buildActionMask = 2147483647;
			files = (
				034CDEE314FFE3C100193D04 /* InfoPlist.strings in Resources */,
			);
			runOnlyForDeploymentPostprocessing = 0;
		};
/* End PBXResourcesBuildPhase section */

/* Begin PBXSourcesBuildPhase section */
		034CDED114FFE3C100193D04 /* Sources */ = {
			isa = PBXSourcesBuildPhase;
			buildActionMask = 2147483647;
			files = (
			);
			runOnlyForDeploymentPostprocessing = 0;
		};
/* End PBXSourcesBuildPhase section */

/* Begin PBXVariantGroup section */
		034CDEE114FFE3C100193D04 /* InfoPlist.strings */ = {
			isa = PBXVariantGroup;
			children = (
				034CDEE214FFE3C100193D04 /* en */,
			);
			name = InfoPlist.strings;
			sourceTree = "<group>";
		};
/* End PBXVariantGroup section */

/* Begin XCBuildConfiguration section */
		034CDEE514FFE3C100193D04 /* Debug */ = {
			isa = XCBuildConfiguration;
			buildSettings = {
				ALWAYS_SEARCH_USER_PATHS = NO;
				ARCHS = "$(ARCHS_STANDARD_64_BIT)";
				CLANG_ENABLE_OBJC_ARC = YES;
				COPY_PHASE_STRIP = NO;
				GCC_C_LANGUAGE_STANDARD = gnu99;
				GCC_DYNAMIC_NO_PIC = NO;
				GCC_ENABLE_OBJC_EXCEPTIONS = YES;
				GCC_OPTIMIZATION_LEVEL = 0;
				GCC_PREPROCESSOR_DEFINITIONS = (
					"DEBUG=1",
					"$(inherited)",
				);
				GCC_SYMBOLS_PRIVATE_EXTERN = NO;
				GCC_VERSION = com.apple.compilers.llvm.clang.1_0;
				GCC_WARN_64_TO_32_BIT_CONVERSION = YES;
				GCC_WARN_ABOUT_RETURN_TYPE = YES;
				GCC_WARN_UNINITIALIZED_AUTOS = YES;
				GCC_WARN_UNUSED_VARIABLE = YES;
				MACOSX_DEPLOYMENT_TARGET = 10.7;
				ONLY_ACTIVE_ARCH = YES;
				SDKROOT = macosx;
			};
			name = Debug;
		};
		034CDEE614FFE3C100193D04 /* Release */ = {
			isa = XCBuildConfiguration;
			buildSettings = {
				ALWAYS_SEARCH_USER_PATHS = NO;
				ARCHS = "$(ARCHS_STANDARD_64_BIT)";
				CLANG_ENABLE_OBJC_ARC = YES;
				COPY_PHASE_STRIP = YES;
				DEBUG_INFORMATION_FORMAT = "dwarf-with-dsym";
				GCC_C_LANGUAGE_STANDARD = gnu99;
				GCC_ENABLE_OBJC_EXCEPTIONS = YES;
				GCC_VERSION = com.apple.compilers.llvm.clang.1_0;
				GCC_WARN_64_TO_32_BIT_CONVERSION = YES;
				GCC_WARN_ABOUT_RETURN_TYPE = YES;
				GCC_WARN_UNINITIALIZED_AUTOS = YES;
				GCC_WARN_UNUSED_VARIABLE = YES;
				MACOSX_DEPLOYMENT_TARGET = 10.7;
				SDKROOT = macosx;
			};
			name = Release;
		};
		034CDEE814FFE3C100193D04 /* Debug */ = {
			isa = XCBuildConfiguration;
			buildSettings = {
				GCC_PRECOMPILE_PREFIX_HEADER = YES;
				GCC_PREFIX_HEADER = "ReactionFadeToggle/ReactionFadeToggle-Prefix.pch";
				INFOPLIST_FILE = "ReactionFadeToggle/ReactionFadeToggle-Info.plist";
				INSTALL_PATH = "$(LOCAL_LIBRARY_DIR)/Bundles";
				PRODUCT_NAME = "$(TARGET_NAME)";
				WRAPPER_EXTENSION = bundle;
			};
			name = Debug;
		};
		034CDEE914FFE3C100193D04 /* Release */ = {
			isa = XCBuildConfiguration;
			buildSettings = {
				GCC_PRECOMPILE_PREFIX_HEADER = YES;
				GCC_PREFIX_HEADER = "ReactionFadeToggle/ReactionFadeToggle-Prefix.pch";
				INFOPLIST_FILE = "ReactionFadeToggle/ReactionFadeToggle-Info.plist";
				INSTALL_PATH = "$(LOCAL_LIBRARY_DIR)/Bundles";
				PRODUCT_NAME = "$(TARGET_NAME)";
				WRAPPER_EXTENSION = bundle;
			};
			name = Release;
		};
/* End XCBuildConfiguration section */

/* Begin XCConfigurationList section */
		034CDECF14FFE3C100193D04 /* Build configuration list for PBXProject "ReactionFadeToggle" */ = {
			isa = XCConfigurationList;
			buildConfigurations = (
				034CDEE514FFE3C100193D04 /* Debug */,
				034CDEE614FFE3C100193D04 /* Release */,
			);
			defaultConfigurationIsVisible = 0;
			defaultConfigurationName = Release;
		};
		034CDEE714FFE3C100193D04 /* Build configuration list for PBXNativeTarget "ReactionFadeToggle" */ = {
			isa = XCConfigurationList;
			buildConfigurations = (
				034CDEE814FFE3C100193D04 /* Debug */,
				034CDEE914FFE3C100193D04 /* Release */,
			);
			defaultConfigurationIsVisible = 0;
		};
/* End XCConfigurationList section */
	};
	rootObject = 034CDECC14FFE3C100193D04 /* Project object */;
}
